
Microsoft Visual Studio Solution File, Format Version 12.00
# Visual Studio Version 17
VisualStudioVersion = 17.0.31903.59
MinimumVisualStudioVersion = 10.0.40219.1
Project("{2150E333-8FDC-42A3-9474-1A3956D46DE8}") = "src", "src", "{827E0CD3-B72D-47B6-A68D-7590B98EB39B}"
EndProject
Project("{FAE04EC0-301F-11D3-BF4B-00C04F79EFBC}") = "ChatLake.Web", "src\ChatLake.Web\ChatLake.Web.csproj", "{10CA882B-28E6-40FA-B9B5-90468C6C1C92}"
EndProject
Project("{FAE04EC0-301F-11D3-BF4B-00C04F79EFBC}") = "ChatLake.Core", "src\ChatLake.Core\ChatLake.Core.csproj", "{BF5FF740-DF0F-4A51-984F-414178FB72D6}"
EndProject
Project("{FAE04EC0-301F-11D3-BF4B-00C04F79EFBC}") = "ChatLake.Infrastructure", "src\ChatLake.Infrastructure\ChatLake.Infrastructure.csproj", "{EC1E4CC2-A86A-4F59-A338-72F300F0EE14}"
EndProject
Project("{FAE04EC0-301F-11D3-BF4B-00C04F79EFBC}") = "ChatLake.Inference", "src\ChatLake.Inference\ChatLake.Inference.csproj", "{3B1F2966-B3B3-47F4-A19A-07202F2AF38A}"
EndProject
Project("{2150E333-8FDC-42A3-9474-1A3956D46DE8}") = "tests", "tests", "{0AB3BF05-4346-4AA6-1389-037BE0695223}"
EndProject
Project("{FAE04EC0-301F-11D3-BF4B-00C04F79EFBC}") = "ChatLake.Tests.Core", "tests\ChatLake.Tests.Core\ChatLake.Tests.Core.csproj", "{AA0CB752-92F6-421B-A5F8-679C1D2E5BBA}"
EndProject
Project("{FAE04EC0-301F-11D3-BF4B-00C04F79EFBC}") = "ChatLake.Tests.Integration", "tests\ChatLake.Tests.Integration\ChatLake.Tests.Integration.csproj", "{B9CAD625-1128-4303-B680-7E94A390FB15}"
EndProject
Global
	GlobalSection(SolutionConfigurationPlatforms) = preSolution
		Debug|Any CPU = Debug|Any CPU
		Debug|x64 = Debug|x64
		Debug|x86 = Debug|x86
		Release|Any CPU = Release|Any CPU
		Release|x64 = Release|x64
		Release|x86 = Release|x86
	EndGlobalSection
	GlobalSection(ProjectConfigurationPlatforms) = postSolution
		{10CA882B-28E6-40FA-B9B5-90468C6C1C92}.Debug|Any CPU.ActiveCfg = Debug|Any CPU
		{10CA882B-28E6-40FA-B9B5-90468C6C1C92}.Debug|Any CPU.Build.0 = Debug|Any CPU
		{10CA882B-28E6-40FA-B9B5-90468C6C1C92}.Debug|x64.ActiveCfg = Debug|Any CPU
		{10CA882B-28E6-40FA-B9B5-90468C6C1C92}.Debug|x64.Build.0 = Debug|Any CPU
		{10CA882B-28E6-40FA-B9B5-90468C6C1C92}.Debug|x86.ActiveCfg = Debug|Any CPU
		{10CA882B-28E6-40FA-B9B5-90468C6C1C92}.Debug|x86.Build.0 = Debug|Any CPU
		{10CA882B-28E6-40FA-B9B5-90468C6C1C92}.Release|Any CPU.ActiveCfg = Release|Any CPU
		{10CA882B-28E6-40FA-B9B5-90468C6C1C92}.Release|Any CPU.Build.0 = Release|Any CPU
		{10CA882B-28E6-40FA-B9B5-90468C6C1C92}.Release|x64.ActiveCfg = Release|Any CPU
		{10CA882B-28E6-40FA-B9B5-90468C6C1C92}.Release|x64.Build.0 = Release|Any CPU
		{10CA882B-28E6-40FA-B9B5-90468C6C1C92}.Release|x86.ActiveCfg = Release|Any CPU
		{10CA882B-28E6-40FA-B9B5-90468C6C1C92}.Release|x86.Build.0 = Release|Any CPU
		{BF5FF740-DF0F-4A51-984F-414178FB72D6}.Debug|Any CPU.ActiveCfg = Debug|Any CPU
		{BF5FF740-DF0F-4A51-984F-414178FB72D6}.Debug|Any CPU.Build.0 = Debug|Any CPU
		{BF5FF740-DF0F-4A51-984F-414178FB72D6}.Debug|x64.ActiveCfg = Debug|Any CPU
		{BF5FF740-DF0F-4A51-984F-414178FB72D6}.Debug|x64.Build.0 = Debug|Any CPU
		{BF5FF740-DF0F-4A51-984F-414178FB72D6}.Debug|x86.ActiveCfg = Debug|Any CPU
		{BF5FF740-DF0F-4A51-984F-414178FB72D6}.Debug|x86.Build.0 = Debug|Any CPU
		{BF5FF740-DF0F-4A51-984F-414178FB72D6}.Release|Any CPU.ActiveCfg = Release|Any CPU
		{BF5FF740-DF0F-4A51-984F-414178FB72D6}.Release|Any CPU.Build.0 = Release|Any CPU
		{BF5FF740-DF0F-4A51-984F-414178FB72D6}.Release|x64.ActiveCfg = Release|Any CPU
		{BF5FF740-DF0F-4A51-984F-414178FB72D6}.Release|x64.Build.0 = Release|Any CPU
		{BF5FF740-DF0F-4A51-984F-414178FB72D6}.Release|x86.ActiveCfg = Release|Any CPU
		{BF5FF740-DF0F-4A51-984F-414178FB72D6}.Release|x86.Build.0 = Release|Any CPU
		{EC1E4CC2-A86A-4F59-A338-72F300F0EE14}.Debug|Any CPU.ActiveCfg = Debug|Any CPU
		{EC1E4CC2-A86A-4F59-A338-72F300F0EE14}.Debug|Any CPU.Build.0 = Debug|Any CPU
		{EC1E4CC2-A86A-4F59-A338-72F300F0EE14}.Debug|x64.ActiveCfg = Debug|Any CPU
		{EC1E4CC2-A86A-4F59-A338-72F300F0EE14}.Debug|x64.Build.0 = Debug|Any CPU
		{EC1E4CC2-A86A-4F59-A338-72F300F0EE14}.Debug|x86.ActiveCfg = Debug|Any CPU
		{EC1E4CC2-A86A-4F59-A338-72F300F0EE14}.Debug|x86.Build.0 = Debug|Any CPU
		{EC1E4CC2-A86A-4F59-A338-72F300F0EE14}.Release|Any CPU.ActiveCfg = Release|Any CPU
		{EC1E4CC2-A86A-4F59-A338-72F300F0EE14}.Release|Any CPU.Build.0 = Release|Any CPU
		{EC1E4CC2-A86A-4F59-A338-72F300F0EE14}.Release|x64.ActiveCfg = Release|Any CPU
		{EC1E4CC2-A86A-4F59-A338-72F300F0EE14}.Release|x64.Build.0 = Release|Any CPU
		{EC1E4CC2-A86A-4F59-A338-72F300F0EE14}.Release|x86.ActiveCfg = Release|Any CPU
		{EC1E4CC2-A86A-4F59-A338-72F300F0EE14}.Release|x86.Build.0 = Release|Any CPU
		{3B1F2966-B3B3-47F4-A19A-07202F2AF38A}.Debug|Any CPU.ActiveCfg = Debug|Any CPU
		{3B1F2966-B3B3-47F4-A19A-07202F2AF38A}.Debug|Any CPU.Build.0 = Debug|Any CPU
		{3B1F2966-B3B3-47F4-A19A-07202F2AF38A}.Debug|x64.ActiveCfg = Debug|Any CPU
		{3B1F2966-B3B3-47F4-A19A-07202F2AF38A}.Debug|x64.Build.0 = Debug|Any CPU
		{3B1F2966-B3B3-47F4-A19A-07202F2AF38A}.Debug|x86.ActiveCfg = Debug|Any CPU
		{3B1F2966-B3B3-47F4-A19A-07202F2AF38A}.Debug|x86.Build.0 = Debug|Any CPU
		{3B1F2966-B3B3-47F4-A19A-07202F2AF38A}.Release|Any CPU.ActiveCfg = Release|Any CPU
		{3B1F2966-B3B3-47F4-A19A-07202F2AF38A}.Release|Any CPU.Build.0 = Release|Any CPU
		{3B1F2966-B3B3-47F4-A19A-07202F2AF38A}.Release|x64.ActiveCfg = Release|Any CPU
		{3B1F2966-B3B3-47F4-A19A-07202F2AF38A}.Release|x64.Build.0 = Release|Any CPU
		{3B1F2966-B3B3-47F4-A19A-07202F2AF38A}.Release|x86.ActiveCfg = Release|Any CPU
		{3B1F2966-B3B3-47F4-A19A-07202F2AF38A}.Release|x86.Build.0 = Release|Any CPU
		{AA0CB752-92F6-421B-A5F8-679C1D2E5BBA}.Debug|Any CPU.ActiveCfg = Debug|Any CPU
		{AA0CB752-92F6-421B-A5F8-679C1D2E5BBA}.Debug|Any CPU.Build.0 = Debug|Any CPU
		{AA0CB752-92F6-421B-A5F8-679C1D2E5BBA}.Debug|x64.ActiveCfg = Debug|Any CPU
		{AA0CB752-92F6-421B-A5F8-679C1D2E5BBA}.Debug|x64.Build.0 = Debug|Any CPU
		{AA0CB752-92F6-421B-A5F8-679C1D2E5BBA}.Debug|x86.ActiveCfg = Debug|Any CPU
		{AA0CB752-92F6-421B-A5F8-679C1D2E5BBA}.Debug|x86.Build.0 = Debug|Any CPU
		{AA0CB752-92F6-421B-A5F8-679C1D2E5BBA}.Release|Any CPU.ActiveCfg = Release|Any CPU
		{AA0CB752-92F6-421B-A5F8-679C1D2E5BBA}.Release|Any CPU.Build.0 = Release|Any CPU
		{AA0CB752-92F6-421B-A5F8-679C1D2E5BBA}.Release|x64.ActiveCfg = Release|Any CPU
		{AA0CB752-92F6-421B-A5F8-679C1D2E5BBA}.Release|x64.Build.0 = Release|Any CPU
		{AA0CB752-92F6-421B-A5F8-679C1D2E5BBA}.Release|x86.ActiveCfg = Release|Any CPU
		{AA0CB752-92F6-421B-A5F8-679C1D2E5BBA}.Release|x86.Build.0 = Release|Any CPU
		{B9CAD625-1128-4303-B680-7E94A390FB15}.Debug|Any CPU.ActiveCfg = Debug|Any CPU
		{B9CAD625-1128-4303-B680-7E94A390FB15}.Debug|Any CPU.Build.0 = Debug|Any CPU
		{B9CAD625-1128-4303-B680-7E94A390FB15}.Debug|x64.ActiveCfg = Debug|Any CPU
		{B9CAD625-1128-4303-B680-7E94A390FB15}.Debug|x64.Build.0 = Debug|Any CPU
		{B9CAD625-1128-4303-B680-7E94A390FB15}.Debug|x86.ActiveCfg = Debug|Any CPU
		{B9CAD625-1128-4303-B680-7E94A390FB15}.Debug|x86.Build.0 = Debug|Any CPU
		{B9CAD625-1128-4303-B680-7E94A390FB15}.Release|Any CPU.ActiveCfg = Release|Any CPU
		{B9CAD625-1128-4303-B680-7E94A390FB15}.Release|Any CPU.Build.0 = Release|Any CPU
		{B9CAD625-1128-4303-B680-7E94A390FB15}.Release|x64.ActiveCfg = Release|Any CPU
		{B9CAD625-1128-4303-B680-7E94A390FB15}.Release|x64.Build.0 = Release|Any CPU
		{B9CAD625-1128-4303-B680-7E94A390FB15}.Release|x86.ActiveCfg = Release|Any CPU
		{B9CAD625-1128-4303-B680-7E94A390FB15}.Release|x86.Build.0 = Release|Any CPU
	EndGlobalSection
	GlobalSection(SolutionProperties) = preSolution
		HideSolutionNode = FALSE
	EndGlobalSection
	GlobalSection(NestedProjects) = preSolution
		{10CA882B-28E6-40FA-B9B5-90468C6C1C92} = {827E0CD3-B72D-47B6-A68D-7590B98EB39B}
		{BF5FF740-DF0F-4A51-984F-414178FB72D6} = {827E0CD3-B72D-47B6-A68D-7590B98EB39B}
		{EC1E4CC2-A86A-4F59-A338-72F300F0EE14} = {827E0CD3-B72D-47B6-A68D-7590B98EB39B}
		{3B1F2966-B3B3-47F4-A19A-07202F2AF38A} = {827E0CD3-B72D-47B6-A68D-7590B98EB39B}
		{AA0CB752-92F6-421B-A5F8-679C1D2E5BBA} = {0AB3BF05-4346-4AA6-1389-037BE0695223}
		{B9CAD625-1128-4303-B680-7E94A390FB15} = {0AB3BF05-4346-4AA6-1389-037BE0695223}
	EndGlobalSection
EndGlobal
